<Solution>
  <Folder Name="/src/">
    <Project Path="src/OrderFlow.Api/OrderFlow.Api.csproj" />
    <Project Path="src/OrderFlow.Application/OrderFlow.Application.csproj" />
    <Project Path="src/OrderFlow.Client/OrderFlow.Client.csproj" />
    <Project Path="src/OrderFlow.Contracts/OrderFlow.Contracts.csproj" />
    <Project Path="src/OrderFlow.Domain/OrderFlow.Domain.csproj" />
    <Project Path="src/OrderFlow.Infrastracture/OrderFlow.Infrastracture.csproj" />
  </Folder>
</Solution>
